
Microsoft Visual Studio Solution File, Format Version 12.00
# Visual Studio Version 17
VisualStudioVersion = 17.4.33006.217
MinimumVisualStudioVersion = 10.0.40219.1
Project("{9A19103F-16F7-4668-BE54-9A1E7A4F7556}") = "ForDem", "ForDem\ForDem.csproj", "{DD324AF0-E423-46CD-A5C8-D9492DC4E1CC}"
EndProject
Project("{9A19103F-16F7-4668-BE54-9A1E7A4F7556}") = "ForDem.Data", "ForDem.Data\ForDem.Data.csproj", "{8E96BB44-8766-4836-A07F-8E251365F322}"
EndProject
Project("{9A19103F-16F7-4668-BE54-9A1E7A4F7556}") = "ForDem.Grpc", "ForDem.Grpc\ForDem.Grpc.csproj", "{5FAD005E-80F4-4D69-8098-3D5168ADFFEC}"
EndProject
Project("{9A19103F-16F7-4668-BE54-9A1E7A4F7556}") = "ForDem.Cryptography", "ForDem.Cryptography\ForDem.Cryptography.csproj", "{203FC629-0D42-41EA-B9CF-D15F2B61C754}"
EndProject
Global
	GlobalSection(SolutionConfigurationPlatforms) = preSolution
		Debug|Any CPU = Debug|Any CPU
		Release|Any CPU = Release|Any CPU
	EndGlobalSection
	GlobalSection(ProjectConfigurationPlatforms) = postSolution
		{DD324AF0-E423-46CD-A5C8-D9492DC4E1CC}.Debug|Any CPU.ActiveCfg = Debug|Any CPU
		{DD324AF0-E423-46CD-A5C8-D9492DC4E1CC}.Debug|Any CPU.Build.0 = Debug|Any CPU
		{DD324AF0-E423-46CD-A5C8-D9492DC4E1CC}.Release|Any CPU.ActiveCfg = Release|Any CPU
		{DD324AF0-E423-46CD-A5C8-D9492DC4E1CC}.Release|Any CPU.Build.0 = Release|Any CPU
		{8E96BB44-8766-4836-A07F-8E251365F322}.Debug|Any CPU.ActiveCfg = Debug|Any CPU
		{8E96BB44-8766-4836-A07F-8E251365F322}.Debug|Any CPU.Build.0 = Debug|Any CPU
		{8E96BB44-8766-4836-A07F-8E251365F322}.Release|Any CPU.ActiveCfg = Release|Any CPU
		{8E96BB44-8766-4836-A07F-8E251365F322}.Release|Any CPU.Build.0 = Release|Any CPU
		{5FAD005E-80F4-4D69-8098-3D5168ADFFEC}.Debug|Any CPU.ActiveCfg = Debug|Any CPU
		{5FAD005E-80F4-4D69-8098-3D5168ADFFEC}.Debug|Any CPU.Build.0 = Debug|Any CPU
		{5FAD005E-80F4-4D69-8098-3D5168ADFFEC}.Release|Any CPU.ActiveCfg = Release|Any CPU
		{5FAD005E-80F4-4D69-8098-3D5168ADFFEC}.Release|Any CPU.Build.0 = Release|Any CPU
		{203FC629-0D42-41EA-B9CF-D15F2B61C754}.Debug|Any CPU.ActiveCfg = Debug|Any CPU
		{203FC629-0D42-41EA-B9CF-D15F2B61C754}.Debug|Any CPU.Build.0 = Debug|Any CPU
		{203FC629-0D42-41EA-B9CF-D15F2B61C754}.Release|Any CPU.ActiveCfg = Release|Any CPU
		{203FC629-0D42-41EA-B9CF-D15F2B61C754}.Release|Any CPU.Build.0 = Release|Any CPU
	EndGlobalSection
	GlobalSection(SolutionProperties) = preSolution
		HideSolutionNode = FALSE
	EndGlobalSection
	GlobalSection(ExtensibilityGlobals) = postSolution
		SolutionGuid = {F3C2472C-BAF1-496C-A13B-283E9C1ED09B}
	EndGlobalSection
EndGlobal
